<?xml version="1.0" encoding="UTF-8"?>
<Project ToolsVersion="4.0" xmlns="http://schemas.microsoft.com/developer/msbuild/2003">
  <ItemGroup>
    <ClCompile Include="rply-1.01\rply.c">
      <Filter>Source Files</Filter>
    </ClCompile>
    <ClCompile Include="DeviceMemoryLogger.cpp">
      <Filter>Source Files</Filter>
    </ClCompile>
    <ClCompile Include="GLUTDisplay.cpp">
      <Filter>Source Files</Filter>
    </ClCompile>
    <ClCompile Include="glm.cpp">
      <Filter>Source Files</Filter>
    </ClCompile>
    <ClCompile Include="HDRLoader.cpp">
      <Filter>Source Files</Filter>
    </ClCompile>
    <ClCompile Include="HostMesh.cpp">
      <Filter>Source Files</Filter>
    </ClCompile>
    <ClCompile Include="HostMeshImpl.cpp">
      <Filter>Source Files</Filter>
    </ClCompile>
    <ClCompile Include="ImageDisplay.cpp">
      <Filter>Source Files</Filter>
    </ClCompile>
    <ClCompile Include="ImageLoader.cpp">
      <Filter>Source Files</Filter>
    </ClCompile>
    <ClCompile Include="MeshBase.cpp">
      <Filter>Source Files</Filter>
    </ClCompile>
    <ClCompile Include="MeshScene.cpp">
      <Filter>Source Files</Filter>
    </ClCompile>
    <ClCompile Include="Mouse.cpp">
      <Filter>Source Files</Filter>
    </ClCompile>
    <ClCompile Include="OptixMesh.cpp">
      <Filter>Source Files</Filter>
    </ClCompile>
    <ClCompile Include="OptixMeshImpl.cpp">
      <Filter>Source Files</Filter>
    </ClCompile>
    <ClCompile Include="PPMLoader.cpp">
      <Filter>Source Files</Filter>
    </ClCompile>
    <ClCompile Include="SampleScene.cpp">
      <Filter>Source Files</Filter>
    </ClCompile>
    <ClCompile Include="SunSky.cpp">
      <Filter>Source Files</Filter>
    </ClCompile>
    <ClCompile Include="sutil.c">
      <Filter>Source Files</Filter>
    </ClCompile>
    <ClCompile Include="glew.c">
      <Filter>Source Files</Filter>
    </ClCompile>
  </ItemGroup>
  <ItemGroup>
    <ClInclude Include="..\cuda\commonStructs.h">
      <Filter>Header Files</Filter>
    </ClInclude>
    <ClInclude Include="..\cuda\helpers.h">
      <Filter>Header Files</Filter>
    </ClInclude>
    <ClInclude Include="..\cuda\phong.h">
      <Filter>Header Files</Filter>
    </ClInclude>
    <ClInclude Include="..\cuda\random.h">
      <Filter>Header Files</Filter>
    </ClInclude>
    <ClInclude Include="rply-1.01\rply.h">
      <Filter>Header Files</Filter>
    </ClInclude>
    <ClInclude Include="AccelDescriptor.h">
      <Filter>Header Files</Filter>
    </ClInclude>
    <ClInclude Include="DeviceMemoryLogger.h">
      <Filter>Header Files</Filter>
    </ClInclude>
    <ClInclude Include="GLUTDisplay.h">
      <Filter>Header Files</Filter>
    </ClInclude>
    <ClInclude Include="glm.h">
      <Filter>Header Files</Filter>
    </ClInclude>
    <ClInclude Include="HDRLoader.h">
      <Filter>Header Files</Filter>
    </ClInclude>
    <ClInclude Include="HostMesh.h">
      <Filter>Header Files</Filter>
    </ClInclude>
    <ClInclude Include="HostMeshImpl.h">
      <Filter>Header Files</Filter>
    </ClInclude>
    <ClInclude Include="ImageDisplay.h">
      <Filter>Header Files</Filter>
    </ClInclude>
    <ClInclude Include="ImageLoader.h">
      <Filter>Header Files</Filter>
    </ClInclude>
    <ClInclude Include="MeshBase.h">
      <Filter>Header Files</Filter>
    </ClInclude>
    <ClInclude Include="MeshException.h">
      <Filter>Header Files</Filter>
    </ClInclude>
    <ClInclude Include="MeshScene.h">
      <Filter>Header Files</Filter>
    </ClInclude>
    <ClInclude Include="Mouse.h">
      <Filter>Header Files</Filter>
    </ClInclude>
    <ClInclude Include="OptixMesh.h">
      <Filter>Header Files</Filter>
    </ClInclude>
    <ClInclude Include="OptixMeshClasses.h">
      <Filter>Header Files</Filter>
    </ClInclude>
    <ClInclude Include="OptixMeshImpl.h">
      <Filter>Header Files</Filter>
    </ClInclude>
    <ClInclude Include="PPMLoader.h">
      <Filter>Header Files</Filter>
    </ClInclude>
    <ClInclude Include="..\sampleConfig.h">
      <Filter>Header Files</Filter>
    </ClInclude>
    <ClInclude Include="SampleScene.h">
      <Filter>Header Files</Filter>
    </ClInclude>
    <ClInclude Include="SunSky.h">
      <Filter>Header Files</Filter>
    </ClInclude>
    <ClInclude Include="sutil.h">
      <Filter>Header Files</Filter>
    </ClInclude>
    <ClInclude Include="sutilapi.h">
      <Filter>Header Files</Filter>
    </ClInclude>
    <ClInclude Include="GL\glew.h">
      <Filter>Header Files</Filter>
    </ClInclude>
    <ClInclude Include="GL\wglew.h">
      <Filter>Header Files</Filter>
    </ClInclude>
  </ItemGroup>
  <ItemGroup>
    <CustomBuild Include="..\cuda\obj_material.cu" />
    <CustomBuild Include="..\cuda\phong.cu" />
    <CustomBuild Include="..\cuda\triangle_mesh.cu" />
    <CustomBuild Include="..\cuda\triangle_mesh_small.cu" />
    <CustomBuild Include="CMakeLists.txt" />
  </ItemGroup>
  <ItemGroup>
    <None Include="..\lib\ptx\cuda_compile_ptx_generated_obj_material.cu.ptx" />
    <None Include="..\lib\ptx\cuda_compile_ptx_generated_phong.cu.ptx" />
    <None Include="..\lib\ptx\cuda_compile_ptx_generated_triangle_mesh.cu.ptx" />
    <None Include="..\lib\ptx\cuda_compile_ptx_generated_triangle_mesh_small.cu.ptx" />
  </ItemGroup>
  <ItemGroup>
    <Filter Include="Source Files">
      <UniqueIdentifier>{252DE775-7344-3875-A4BA-9DF4254847D4}</UniqueIdentifier>
    </Filter>
    <Filter Include="Header Files">
      <UniqueIdentifier>{5E660AF5-19B6-3256-AC98-9A654841EA84}</UniqueIdentifier>
    </Filter>
  </ItemGroup>
</Project>
